<?xml version="1.0" encoding="utf-8"?>
<Project ToolsVersion="4.0" xmlns="http://schemas.microsoft.com/developer/msbuild/2003">
  <ItemGroup>
    <Filter Include="Source Files">
      <UniqueIdentifier>{4FC737F1-C7A5-4376-A066-2A32D752A2FF}</UniqueIdentifier>
      <Extensions>cpp;c;cc;cxx;def;odl;idl;hpj;bat;asm;asmx</Extensions>
    </Filter>
    <Filter Include="Header Files">
      <UniqueIdentifier>{93995380-89BD-4b04-88EB-625FBE52EBFB}</UniqueIdentifier>
      <Extensions>h;hh;hpp;hxx;hm;inl;inc;ipp;xsd</Extensions>
    </Filter>
    <Filter Include="Resource Files">
      <UniqueIdentifier>{67DA6AB6-F800-4c08-8B7A-83BB121AAD01}</UniqueIdentifier>
      <Extensions>rc;ico;cur;bmp;dlg;rc2;rct;bin;rgs;gif;jpg;jpeg;jpe;resx;tiff;tif;png;wav;mfcribbon-ms</Extensions>
    </Filter>
  </ItemGroup>
  <ItemGroup>
    <ClCompile Include="Sphere.cpp">
      <Filter>Source Files</Filter>
    </ClCompile>
    <ClCompile Include="Ellipse.cpp">
      <Filter>Source Files</Filter>
    </ClCompile>
    <ClCompile Include="Plane.cpp">
      <Filter>Source Files</Filter>
    </ClCompile>
    <ClCompile Include="Box.cpp">
      <Filter>Source Files</Filter>
    </ClCompile>
    <ClCompile Include="Cone.cpp">
      <Filter>Source Files</Filter>
    </ClCompile>
    <ClCompile Include="Icosahedron.cpp">
      <Filter>Source Files</Filter>
    </ClCompile>
    <ClCompile Include="SteinerPatch.cpp">
      <Filter>Source Files</Filter>
    </ClCompile>
    <ClCompile Include="Torus.cpp">
      <Filter>Source Files</Filter>
    </ClCompile>
    <ClCompile Include="SFTranslate.cpp">
      <Filter>Source Files</Filter>
    </ClCompile>
    <ClCompile Include="SFScale.cpp">
      <Filter>Source Files</Filter>
    </ClCompile>
    <ClCompile Include="Union.cpp">
      <Filter>Source Files</Filter>
    </ClCompile>
    <ClCompile Include="Intersection.cpp">
      <Filter>Source Files</Filter>
    </ClCompile>
    <ClCompile Include="Cutout.cpp">
      <Filter>Source Files</Filter>
    </ClCompile>
    <ClCompile Include="ColorField.cpp">
      <Filter>Source Files</Filter>
    </ClCompile>
    <ClCompile Include="Mask.cpp">
      <Filter>Source Files</Filter>
    </ClCompile>
    <ClCompile Include="Renderer.cpp">
      <Filter>Source Files</Filter>
    </ClCompile>
    <ClCompile Include="Image.cpp">
      <Filter>Source Files</Filter>
    </ClCompile>
    <ClCompile Include="Camera.cpp">
      <Filter>Source Files</Filter>
    </ClCompile>
    <ClCompile Include="Matrix.cpp">
      <Filter>Source Files</Filter>
    </ClCompile>
    <ClCompile Include="SFRotate.cpp">
      <Filter>Source Files</Filter>
    </ClCompile>
    <ClCompile Include="Avatar.cpp">
      <Filter>Source Files</Filter>
    </ClCompile>
    <ClCompile Include="Dilation.cpp">
      <Filter>Source Files</Filter>
    </ClCompile>
    <ClCompile Include="Shell.cpp">
      <Filter>Source Files</Filter>
    </ClCompile>
    <ClCompile Include="Cylinder.cpp">
      <Filter>Source Files</Filter>
    </ClCompile>
    <ClCompile Include="ScalarGrid.cpp">
      <Filter>Source Files</Filter>
    </ClCompile>
    <ClCompile Include="PointLight.cpp">
      <Filter>Source Files</Filter>
    </ClCompile>
    <ClCompile Include="LevelSet.cpp">
      <Filter>Source Files</Filter>
    </ClCompile>
    <ClCompile Include="Application.cpp">
      <Filter>Source Files</Filter>
    </ClCompile>
    <ClCompile Include="ModelLoader.cpp">
      <Filter>Source Files</Filter>
    </ClCompile>
    <ClCompile Include="..\..\..\vmrcode\PerlinNoise.cpp">
      <Filter>Source Files</Filter>
    </ClCompile>
    <ClCompile Include="FSPN.cpp">
      <Filter>Source Files</Filter>
    </ClCompile>
    <ClCompile Include="PyroclasticSphere.cpp">
      <Filter>Source Files</Filter>
    </ClCompile>
    <ClCompile Include="Wisps.cpp">
      <Filter>Source Files</Filter>
    </ClCompile>
    <ClCompile Include="NoiseStamp.cpp">
      <Filter>Source Files</Filter>
    </ClCompile>
    <ClCompile Include="VFIdentity.cpp">
      <Filter>Source Files</Filter>
    </ClCompile>
    <ClCompile Include="VFScalarGrad.cpp">
      <Filter>Source Files</Filter>
    </ClCompile>
    <ClCompile Include="VFOperations.cpp">
      <Filter>Source Files</Filter>
    </ClCompile>
    <ClCompile Include="WarpScalar.cpp">
      <Filter>Source Files</Filter>
    </ClCompile>
    <ClCompile Include="VFCPT.cpp">
      <Filter>Source Files</Filter>
    </ClCompile>
    <ClCompile Include="VFNPT.cpp">
      <Filter>Source Files</Filter>
    </ClCompile>
    <ClCompile Include="PyroDisplaced.cpp">
      <Filter>Source Files</Filter>
    </ClCompile>
    <ClCompile Include="WarpVector.cpp">
      <Filter>Source Files</Filter>
    </ClCompile>
    <ClCompile Include="MaskGrid.cpp">
      <Filter>Source Files</Filter>
    </ClCompile>
    <ClCompile Include="Kingdom.cpp">
      <Filter>Source Files</Filter>
    </ClCompile>
    <ClCompile Include="ParamControl.cpp">
      <Filter>Source Files</Filter>
    </ClCompile>
    <ClCompile Include="VelocityFields.cpp">
      <Filter>Source Files</Filter>
    </ClCompile>
    <ClCompile Include="Advection.cpp">
      <Filter>Source Files</Filter>
    </ClCompile>
  </ItemGroup>
  <ItemGroup>
    <ClInclude Include="Sphere.h">
      <Filter>Source Files</Filter>
    </ClInclude>
    <ClInclude Include="Ellipse.h">
      <Filter>Source Files</Filter>
    </ClInclude>
    <ClInclude Include="Plane.h">
      <Filter>Source Files</Filter>
    </ClInclude>
    <ClInclude Include="Box.h">
      <Filter>Source Files</Filter>
    </ClInclude>
    <ClInclude Include="Cone.h">
      <Filter>Source Files</Filter>
    </ClInclude>
    <ClInclude Include="Icosahedron.h">
      <Filter>Source Files</Filter>
    </ClInclude>
    <ClInclude Include="SteinerPatch.h">
      <Filter>Source Files</Filter>
    </ClInclude>
    <ClInclude Include="Torus.h">
      <Filter>Source Files</Filter>
    </ClInclude>
    <ClInclude Include="SFTranslate.h">
      <Filter>Source Files</Filter>
    </ClInclude>
    <ClInclude Include="Core.h">
      <Filter>Source Files</Filter>
    </ClInclude>
    <ClInclude Include="SFScale.h">
      <Filter>Source Files</Filter>
    </ClInclude>
    <ClInclude Include="Union.h">
      <Filter>Source Files</Filter>
    </ClInclude>
    <ClInclude Include="Intersection.h">
      <Filter>Source Files</Filter>
    </ClInclude>
    <ClInclude Include="Cutout.h">
      <Filter>Source Files</Filter>
    </ClInclude>
    <ClInclude Include="tinyexr.h">
      <Filter>Source Files</Filter>
    </ClInclude>
    <ClInclude Include="ColorField.h">
      <Filter>Source Files</Filter>
    </ClInclude>
    <ClInclude Include="Mask.h">
      <Filter>Source Files</Filter>
    </ClInclude>
    <ClInclude Include="Renderer.h">
      <Filter>Source Files</Filter>
    </ClInclude>
    <ClInclude Include="Image.h">
      <Filter>Source Files</Filter>
    </ClInclude>
    <ClInclude Include="SFRotate.h">
      <Filter>Source Files</Filter>
    </ClInclude>
    <ClInclude Include="Avatar.h">
      <Filter>Source Files</Filter>
    </ClInclude>
    <ClInclude Include="Dilation.h">
      <Filter>Source Files</Filter>
    </ClInclude>
    <ClInclude Include="Shell.h">
      <Filter>Source Files</Filter>
    </ClInclude>
    <ClInclude Include="Cylinder.h">
      <Filter>Source Files</Filter>
    </ClInclude>
    <ClInclude Include="ScalarGrid.h">
      <Filter>Source Files</Filter>
    </ClInclude>
    <ClInclude Include="OBJ_Loader.h">
      <Filter>Source Files</Filter>
    </ClInclude>
    <ClInclude Include="PointLight.h">
      <Filter>Source Files</Filter>
    </ClInclude>
    <ClInclude Include="LevelSet.h">
      <Filter>Source Files</Filter>
    </ClInclude>
    <ClInclude Include="ModelLoader.h">
      <Filter>Source Files</Filter>
    </ClInclude>
    <ClInclude Include="FSPN.h">
      <Filter>Source Files</Filter>
    </ClInclude>
    <ClInclude Include="PyroclasticSphere.h">
      <Filter>Source Files</Filter>
    </ClInclude>
    <ClInclude Include="Wisps.h">
      <Filter>Source Files</Filter>
    </ClInclude>
    <ClInclude Include="NoiseStamp.h">
      <Filter>Source Files</Filter>
    </ClInclude>
    <ClInclude Include="VFBase.h">
      <Filter>Source Files</Filter>
    </ClInclude>
    <ClInclude Include="VFIdentity.h">
      <Filter>Source Files</Filter>
    </ClInclude>
    <ClInclude Include="VFScalarGrad.h">
      <Filter>Source Files</Filter>
    </ClInclude>
    <ClInclude Include="VFOperations.h">
      <Filter>Source Files</Filter>
    </ClInclude>
    <ClInclude Include="WarpScalar.h">
      <Filter>Source Files</Filter>
    </ClInclude>
    <ClInclude Include="VFCPT.h">
      <Filter>Source Files</Filter>
    </ClInclude>
    <ClInclude Include="VFNPT.h">
      <Filter>Source Files</Filter>
    </ClInclude>
    <ClInclude Include="PyroDisplaced.h">
      <Filter>Source Files</Filter>
    </ClInclude>
    <ClInclude Include="WarpVector.h">
      <Filter>Source Files</Filter>
    </ClInclude>
    <ClInclude Include="MaskGrid.h">
      <Filter>Source Files</Filter>
    </ClInclude>
    <ClInclude Include="Kingdom.h">
      <Filter>Source Files</Filter>
    </ClInclude>
    <ClInclude Include="ParamControl.h">
      <Filter>Source Files</Filter>
    </ClInclude>
    <ClInclude Include="resource.h">
      <Filter>Header Files</Filter>
    </ClInclude>
    <ClInclude Include="VelocityFields.h">
      <Filter>Source Files</Filter>
    </ClInclude>
    <ClInclude Include="Advection.h">
      <Filter>Source Files</Filter>
    </ClInclude>
  </ItemGroup>
  <ItemGroup>
    <ResourceCompile Include="Project1.rc">
      <Filter>Resource Files</Filter>
    </ResourceCompile>
  </ItemGroup>
</Project>